github.com/DavidDiasN/learn-with-tests-poker v0.0.0-20240309052605-c322dfe77661 h1:dYinlt2aIGEYntixAGk/nmNBX37k8a5Ys32YitfuDYE=
github.com/DavidDiasN/learn-with-tests-poker v0.0.0-20240309052605-c322dfe77661/go.mod h1:nNA2FZDotMi2uIBLp8Kz1/msc4Ac6+P5rK1SZ1lz8Ow=
github.com/DavidDiasN/learn-with-tests-poker v0.0.0-20240312155149-edd406c27e47 h1:3pWeif9Bk+OoFXemOSBZlaaHJIsZNc1zWxuu1ONja1o=
github.com/DavidDiasN/learn-with-tests-poker v0.0.0-20240312155149-edd406c27e47/go.mod h1:nNA2FZDotMi2uIBLp8Kz1/msc4Ac6+P5rK1SZ1lz8Ow=
github.com/DavidDiasN/learn-with-tests-poker v0.0.0-20240317021456-3b385e9fbd77 h1:++yLbiljiLAirc+RqmiM/wU6WWOzQBwbR4npXRSTMo0=
github.com/DavidDiasN/learn-with-tests-poker v0.0.0-20240317021456-3b385e9fbd77/go.mod h1:nNA2FZDotMi2uIBLp8Kz1/msc4Ac6+P5rK1SZ1lz8Ow=
github.com/DavidDiasN/learn-with-tests-poker v0.0.0-20240317021858-53ccdc195bf0 h1:LNVecsefHBFm0FmHFtugCV4w6ek5I3zihX7as23THrM=
github.com/DavidDiasN/learn-with-tests-poker v0.0.0-20240317021858-53ccdc195bf0/go.mod h1:nNA2FZDotMi2uIBLp8Kz1/msc4Ac6+P5rK1SZ1lz8Ow=
github.com/DavidDiasN/learn-with-tests-poker v0.0.0-20240317022324-7aa9a6e33fed h1:zf+gUkeCq9uay91vuO7TlaTen4XXAQkaklUBhtLDeZM=
github.com/DavidDiasN/learn-with-tests-poker v0.0.0-20240317022324-7aa9a6e33fed/go.mod h1:nNA2FZDotMi2uIBLp8Kz1/msc4Ac6+P5rK1SZ1lz8Ow=
github.com/DavidDiasN/learn-with-tests-poker v0.0.0-20240317023010-410d9e271f82 h1:ZMEfjEfjfAs7lDNbOPsrMW7WzXC7kiPQ0kN9JCZ40t0=
github.com/DavidDiasN/learn-with-tests-poker v0.0.0-20240317023010-410d9e271f82/go.mod h1:nNA2FZDotMi2uIBLp8Kz1/msc4Ac6+P5rK1SZ1lz8Ow=
github.com/DavidDiasN/learn-with-tests-poker v0.0.0-20240317062043-527776a3e0e5 h1:P5TPu6U+agC5w9t+2A5n9BvgTeVQzvamzW9OpGNbcnY=
github.com/DavidDiasN/learn-with-tests-poker v0.0.0-20240317062043-527776a3e0e5/go.mod h1:nNA2FZDotMi2uIBLp8Kz1/msc4Ac6+P5rK1SZ1lz8Ow=
github.com/gorilla/websocket v1.5.1 h1:gmztn0JnHVt9JZquRuzLw3g4wouNVzKL15iLr/zn/QY=
github.com/gorilla/websocket v1.5.1/go.mod h1:x3kM2JMyaluk02fnUJpQuwD2dCS5NDG2ZHL0uE0tcaY=
golang.org/x/net v0.17.0 h1:pVaXccu2ozPjCXewfr1S7xza/zcXTity9cCdXQYSjIM=
golang.org/x/net v0.17.0/go.mod h1:NxSsAGuq816PNPmqtQdLE42eU2Fs7NoRIZrHJAlaCOE=
