github.com/DavidDiasN/learn-with-tests-poker v0.0.0-20240309052605-c322dfe77661 h1:dYinlt2aIGEYntixAGk/nmNBX37k8a5Ys32YitfuDYE=
github.com/DavidDiasN/learn-with-tests-poker v0.0.0-20240309052605-c322dfe77661/go.mod h1:nNA2FZDotMi2uIBLp8Kz1/msc4Ac6+P5rK1SZ1lz8Ow=
github.com/DavidDiasN/learn-with-tests-poker v0.0.0-20240312155149-edd406c27e47 h1:3pWeif9Bk+OoFXemOSBZlaaHJIsZNc1zWxuu1ONja1o=
github.com/DavidDiasN/learn-with-tests-poker v0.0.0-20240312155149-edd406c27e47/go.mod h1:nNA2FZDotMi2uIBLp8Kz1/msc4Ac6+P5rK1SZ1lz8Ow=
github.com/DavidDiasN/learn-with-tests-poker v0.0.0-20240317021456-3b385e9fbd77 h1:++yLbiljiLAirc+RqmiM/wU6WWOzQBwbR4npXRSTMo0=
github.com/DavidDiasN/learn-with-tests-poker v0.0.0-20240317021456-3b385e9fbd77/go.mod h1:nNA2FZDotMi2uIBLp8Kz1/msc4Ac6+P5rK1SZ1lz8Ow=
