github.com/DavidDiasN/learn-with-tests-poker v0.0.0-20240317062043-527776a3e0e5 h1:P5TPu6U+agC5w9t+2A5n9BvgTeVQzvamzW9OpGNbcnY=
github.com/DavidDiasN/learn-with-tests-poker v0.0.0-20240317062043-527776a3e0e5/go.mod h1:nNA2FZDotMi2uIBLp8Kz1/msc4Ac6+P5rK1SZ1lz8Ow=
github.com/DavidDiasN/learn-with-tests-poker v0.0.0-20240317200358-139a9daf25a3 h1:bzMm+PxoYJ+k6kymbZuVZjNG8V8QhIzLF7F3AOispo4=
github.com/DavidDiasN/learn-with-tests-poker v0.0.0-20240317200358-139a9daf25a3/go.mod h1:nNA2FZDotMi2uIBLp8Kz1/msc4Ac6+P5rK1SZ1lz8Ow=
github.com/gorilla/websocket v1.5.1 h1:gmztn0JnHVt9JZquRuzLw3g4wouNVzKL15iLr/zn/QY=
github.com/gorilla/websocket v1.5.1/go.mod h1:x3kM2JMyaluk02fnUJpQuwD2dCS5NDG2ZHL0uE0tcaY=
golang.org/x/net v0.17.0 h1:pVaXccu2ozPjCXewfr1S7xza/zcXTity9cCdXQYSjIM=
golang.org/x/net v0.17.0/go.mod h1:NxSsAGuq816PNPmqtQdLE42eU2Fs7NoRIZrHJAlaCOE=
